// !$*UTF8*$!
{
	archiveVersion = 1;
	classes = {
	};
	objectVersion = 46;
	objects = {

/* Begin PBXBuildFile section */
		4304EFC01FF748BD007C00AB /* Operators_App_Icon_1024.png in Resources */ = {isa = PBXBuildFile; fileRef = 4304EFBF1FF748BD007C00AB /* Operators_App_Icon_1024.png */; };
		4304EFC21FF8537D007C00AB /* tutorialPuzzles.plist in Resources */ = {isa = PBXBuildFile; fileRef = 4304EFC11FF8537D007C00AB /* tutorialPuzzles.plist */; };
		431F70D71DF273C2002B0455 /* OriginalViewController.swift in Sources */ = {isa = PBXBuildFile; fileRef = 431F70D61DF273C2002B0455 /* OriginalViewController.swift */; };
		431F70DF1DF3467A002B0455 /* ChallengeModel.swift in Sources */ = {isa = PBXBuildFile; fileRef = 431F70DE1DF3467A002B0455 /* ChallengeModel.swift */; };
		431F70E11DF34871002B0455 /* ChallengeViewController.swift in Sources */ = {isa = PBXBuildFile; fileRef = 431F70E01DF34871002B0455 /* ChallengeViewController.swift */; };
		431F70E31DF3558A002B0455 /* Equation.swift in Sources */ = {isa = PBXBuildFile; fileRef = 431F70E21DF3558A002B0455 /* Equation.swift */; };
		431F70EB1DFA1617002B0455 /* challengePuzzles.plist in Resources */ = {isa = PBXBuildFile; fileRef = 431F70EA1DFA1617002B0455 /* challengePuzzles.plist */; };
		431F70ED1DFB87E8002B0455 /* OriginalModel.swift in Sources */ = {isa = PBXBuildFile; fileRef = 431F70EC1DFB87E8002B0455 /* OriginalModel.swift */; };
		432603481EB0F15A00E926A4 /* TutorialModel.swift in Sources */ = {isa = PBXBuildFile; fileRef = 432603471EB0F15A00E926A4 /* TutorialModel.swift */; };
		432DEC201E51E4B200002C80 /* HintsViewController.swift in Sources */ = {isa = PBXBuildFile; fileRef = 432DEC1F1E51E4B200002C80 /* HintsViewController.swift */; };
		43430DD61DFC9BBD00841DF4 /* TimedViewController.swift in Sources */ = {isa = PBXBuildFile; fileRef = 43430DD51DFC9BBD00841DF4 /* TimedViewController.swift */; };
		43430DD81DFC9F5B00841DF4 /* TimedModel.swift in Sources */ = {isa = PBXBuildFile; fileRef = 43430DD71DFC9F5B00841DF4 /* TimedModel.swift */; };
		434D2A5A1E5F1786006C3E8E /* Operators_App_Icon_60.png in Resources */ = {isa = PBXBuildFile; fileRef = 434D2A521E5F1786006C3E8E /* Operators_App_Icon_60.png */; };
		434D2A5B1E5F1786006C3E8E /* Operators_App_Icon_58.png in Resources */ = {isa = PBXBuildFile; fileRef = 434D2A531E5F1786006C3E8E /* Operators_App_Icon_58.png */; };
		434D2A5C1E5F1786006C3E8E /* Operators_App_Icon_40.png in Resources */ = {isa = PBXBuildFile; fileRef = 434D2A541E5F1786006C3E8E /* Operators_App_Icon_40.png */; };
		434D2A5D1E5F1786006C3E8E /* Operators_App_Icon_80.png in Resources */ = {isa = PBXBuildFile; fileRef = 434D2A551E5F1786006C3E8E /* Operators_App_Icon_80.png */; };
		434D2A5E1E5F1786006C3E8E /* Operators_App_Icon_87.png in Resources */ = {isa = PBXBuildFile; fileRef = 434D2A561E5F1786006C3E8E /* Operators_App_Icon_87.png */; };
		434D2A601E5F1786006C3E8E /* Operators_App_Icon_120.png in Resources */ = {isa = PBXBuildFile; fileRef = 434D2A581E5F1786006C3E8E /* Operators_App_Icon_120.png */; };
		434D2A611E5F1786006C3E8E /* Operators_App_Icon_180.png in Resources */ = {isa = PBXBuildFile; fileRef = 434D2A591E5F1786006C3E8E /* Operators_App_Icon_180.png */; };
		434D2A631E5F1814006C3E8E /* Operators_App_Icon_120_2.png in Resources */ = {isa = PBXBuildFile; fileRef = 434D2A621E5F1814006C3E8E /* Operators_App_Icon_120_2.png */; };
		434FB3F7214EA0B000EE7C14 /* TutorialStepViewController.swift in Sources */ = {isa = PBXBuildFile; fileRef = 434FB3F6214EA0B000EE7C14 /* TutorialStepViewController.swift */; };
		435DC2F61E3C0A5D0047FD47 /* GameModeViewController.swift in Sources */ = {isa = PBXBuildFile; fileRef = 435DC2F51E3C0A5D0047FD47 /* GameModeViewController.swift */; };
		435DC2F81E3C0A810047FD47 /* GameTypeViewController.swift in Sources */ = {isa = PBXBuildFile; fileRef = 435DC2F71E3C0A810047FD47 /* GameTypeViewController.swift */; };
		435DC2FA1E3CE57B0047FD47 /* ChallengePuzzleCompletedViewController.swift in Sources */ = {isa = PBXBuildFile; fileRef = 435DC2F91E3CE57B0047FD47 /* ChallengePuzzleCompletedViewController.swift */; };
		4373CBD81E6DC7D9009C5513 /* HintsModel.swift in Sources */ = {isa = PBXBuildFile; fileRef = 4373CBD71E6DC7D9009C5513 /* HintsModel.swift */; };
		4377F0B71E5F19A1009428B5 /* Enumerations.swift in Sources */ = {isa = PBXBuildFile; fileRef = 4377F0B61E5F19A1009428B5 /* Enumerations.swift */; };
		438B48CB1DD757C40048EDB5 /* AppDelegate.swift in Sources */ = {isa = PBXBuildFile; fileRef = 438B48CA1DD757C40048EDB5 /* AppDelegate.swift */; };
		438B48D01DD757C40048EDB5 /* Main.storyboard in Resources */ = {isa = PBXBuildFile; fileRef = 438B48CE1DD757C40048EDB5 /* Main.storyboard */; };
		438B48D21DD757C40048EDB5 /* Assets.xcassets in Resources */ = {isa = PBXBuildFile; fileRef = 438B48D11DD757C40048EDB5 /* Assets.xcassets */; };
		438B48D51DD757C40048EDB5 /* LaunchScreen.storyboard in Resources */ = {isa = PBXBuildFile; fileRef = 438B48D31DD757C40048EDB5 /* LaunchScreen.storyboard */; };
		438B48EB1DD7588A0048EDB5 /* Constants.swift in Sources */ = {isa = PBXBuildFile; fileRef = 438B48EA1DD7588A0048EDB5 /* Constants.swift */; };
		438B48ED1DD75BC50048EDB5 /* PuzzleViewController.swift in Sources */ = {isa = PBXBuildFile; fileRef = 438B48EC1DD75BC50048EDB5 /* PuzzleViewController.swift */; };
		438B48EF1DD766A50048EDB5 /* PuzzleModel.swift in Sources */ = {isa = PBXBuildFile; fileRef = 438B48EE1DD766A50048EDB5 /* PuzzleModel.swift */; };
		4399F2C71E57586400038306 /* SettingsViewController.swift in Sources */ = {isa = PBXBuildFile; fileRef = 4399F2C61E57586400038306 /* SettingsViewController.swift */; };
		4399F2C91E588AA900038306 /* SettingsModel.swift in Sources */ = {isa = PBXBuildFile; fileRef = 4399F2C81E588AA900038306 /* SettingsModel.swift */; };
		4399F2CB1E5C9F1600038306 /* ColorScheme.swift in Sources */ = {isa = PBXBuildFile; fileRef = 4399F2CA1E5C9F1600038306 /* ColorScheme.swift */; };
		4399F2CD1E5DE8C900038306 /* SettingsConfirmDeleteViewController.swift in Sources */ = {isa = PBXBuildFile; fileRef = 4399F2CC1E5DE8C900038306 /* SettingsConfirmDeleteViewController.swift */; };
		43A8E1621E8F1C9F0047A14E /* PuzzleLabel.swift in Sources */ = {isa = PBXBuildFile; fileRef = 43A8E1611E8F1C9F0047A14E /* PuzzleLabel.swift */; };
		43A8E1641E90456E0047A14E /* OriginalPuzzleViewController.swift in Sources */ = {isa = PBXBuildFile; fileRef = 43A8E1631E90456E0047A14E /* OriginalPuzzleViewController.swift */; };
		43A8E1661E9045B10047A14E /* ChallengePuzzleViewController.swift in Sources */ = {isa = PBXBuildFile; fileRef = 43A8E1651E9045B10047A14E /* ChallengePuzzleViewController.swift */; };
		43A8E1681E9045EA0047A14E /* TimedPuzzleViewController.swift in Sources */ = {isa = PBXBuildFile; fileRef = 43A8E1671E9045EA0047A14E /* TimedPuzzleViewController.swift */; };
		43A8E16E1E9ED70B0047A14E /* TutorialPuzzleViewController.swift in Sources */ = {isa = PBXBuildFile; fileRef = 43A8E16D1E9ED70B0047A14E /* TutorialPuzzleViewController.swift */; };
		43A8E1701E9EE17B0047A14E /* TutorialViewController.swift in Sources */ = {isa = PBXBuildFile; fileRef = 43A8E16F1E9EE17B0047A14E /* TutorialViewController.swift */; };
		43B8A73A1DFE1EC100840590 /* ArchiveData.swift in Sources */ = {isa = PBXBuildFile; fileRef = 43B8A7391DFE1EC100840590 /* ArchiveData.swift */; };
		43F6C9B31E463C360082EF8F /* TimedCompletedViewController.swift in Sources */ = {isa = PBXBuildFile; fileRef = 43F6C9B21E463C360082EF8F /* TimedCompletedViewController.swift */; };
/* End PBXBuildFile section */

/* Begin PBXFileReference section */
		4304EFBF1FF748BD007C00AB /* Operators_App_Icon_1024.png */ = {isa = PBXFileReference; lastKnownFileType = image.png; path = Operators_App_Icon_1024.png; sourceTree = "<group>"; };
		4304EFC11FF8537D007C00AB /* tutorialPuzzles.plist */ = {isa = PBXFileReference; lastKnownFileType = text.plist.xml; path = tutorialPuzzles.plist; sourceTree = "<group>"; };
		431F70D61DF273C2002B0455 /* OriginalViewController.swift */ = {isa = PBXFileReference; fileEncoding = 4; lastKnownFileType = sourcecode.swift; path = OriginalViewController.swift; sourceTree = "<group>"; };
		431F70DE1DF3467A002B0455 /* ChallengeModel.swift */ = {isa = PBXFileReference; fileEncoding = 4; lastKnownFileType = sourcecode.swift; path = ChallengeModel.swift; sourceTree = "<group>"; };
		431F70E01DF34871002B0455 /* ChallengeViewController.swift */ = {isa = PBXFileReference; fileEncoding = 4; lastKnownFileType = sourcecode.swift; path = ChallengeViewController.swift; sourceTree = "<group>"; };
		431F70E21DF3558A002B0455 /* Equation.swift */ = {isa = PBXFileReference; fileEncoding = 4; lastKnownFileType = sourcecode.swift; path = Equation.swift; sourceTree = "<group>"; };
		431F70EA1DFA1617002B0455 /* challengePuzzles.plist */ = {isa = PBXFileReference; fileEncoding = 4; lastKnownFileType = text.plist.xml; path = challengePuzzles.plist; sourceTree = "<group>"; };
		431F70EC1DFB87E8002B0455 /* OriginalModel.swift */ = {isa = PBXFileReference; fileEncoding = 4; lastKnownFileType = sourcecode.swift; path = OriginalModel.swift; sourceTree = "<group>"; };
		432603471EB0F15A00E926A4 /* TutorialModel.swift */ = {isa = PBXFileReference; fileEncoding = 4; lastKnownFileType = sourcecode.swift; path = TutorialModel.swift; sourceTree = "<group>"; };
		432DEC1F1E51E4B200002C80 /* HintsViewController.swift */ = {isa = PBXFileReference; fileEncoding = 4; lastKnownFileType = sourcecode.swift; path = HintsViewController.swift; sourceTree = "<group>"; };
		43430DD51DFC9BBD00841DF4 /* TimedViewController.swift */ = {isa = PBXFileReference; fileEncoding = 4; lastKnownFileType = sourcecode.swift; path = TimedViewController.swift; sourceTree = "<group>"; };
		43430DD71DFC9F5B00841DF4 /* TimedModel.swift */ = {isa = PBXFileReference; fileEncoding = 4; lastKnownFileType = sourcecode.swift; path = TimedModel.swift; sourceTree = "<group>"; };
		434D2A521E5F1786006C3E8E /* Operators_App_Icon_60.png */ = {isa = PBXFileReference; lastKnownFileType = image.png; path = Operators_App_Icon_60.png; sourceTree = "<group>"; };
		434D2A531E5F1786006C3E8E /* Operators_App_Icon_58.png */ = {isa = PBXFileReference; lastKnownFileType = image.png; path = Operators_App_Icon_58.png; sourceTree = "<group>"; };
		434D2A541E5F1786006C3E8E /* Operators_App_Icon_40.png */ = {isa = PBXFileReference; lastKnownFileType = image.png; path = Operators_App_Icon_40.png; sourceTree = "<group>"; };
		434D2A551E5F1786006C3E8E /* Operators_App_Icon_80.png */ = {isa = PBXFileReference; lastKnownFileType = image.png; path = Operators_App_Icon_80.png; sourceTree = "<group>"; };
		434D2A561E5F1786006C3E8E /* Operators_App_Icon_87.png */ = {isa = PBXFileReference; lastKnownFileType = image.png; path = Operators_App_Icon_87.png; sourceTree = "<group>"; };
		434D2A581E5F1786006C3E8E /* Operators_App_Icon_120.png */ = {isa = PBXFileReference; lastKnownFileType = image.png; path = Operators_App_Icon_120.png; sourceTree = "<group>"; };
		434D2A591E5F1786006C3E8E /* Operators_App_Icon_180.png */ = {isa = PBXFileReference; lastKnownFileType = image.png; path = Operators_App_Icon_180.png; sourceTree = "<group>"; };
		434D2A621E5F1814006C3E8E /* Operators_App_Icon_120_2.png */ = {isa = PBXFileReference; lastKnownFileType = image.png; path = Operators_App_Icon_120_2.png; sourceTree = "<group>"; };
		434FB3F6214EA0B000EE7C14 /* TutorialStepViewController.swift */ = {isa = PBXFileReference; lastKnownFileType = sourcecode.swift; path = TutorialStepViewController.swift; sourceTree = "<group>"; };
		435DC2F51E3C0A5D0047FD47 /* GameModeViewController.swift */ = {isa = PBXFileReference; fileEncoding = 4; lastKnownFileType = sourcecode.swift; path = GameModeViewController.swift; sourceTree = "<group>"; };
		435DC2F71E3C0A810047FD47 /* GameTypeViewController.swift */ = {isa = PBXFileReference; fileEncoding = 4; lastKnownFileType = sourcecode.swift; path = GameTypeViewController.swift; sourceTree = "<group>"; };
		435DC2F91E3CE57B0047FD47 /* ChallengePuzzleCompletedViewController.swift */ = {isa = PBXFileReference; fileEncoding = 4; lastKnownFileType = sourcecode.swift; path = ChallengePuzzleCompletedViewController.swift; sourceTree = "<group>"; };
		4373CBD71E6DC7D9009C5513 /* HintsModel.swift */ = {isa = PBXFileReference; fileEncoding = 4; lastKnownFileType = sourcecode.swift; path = HintsModel.swift; sourceTree = "<group>"; };
		4377F0B61E5F19A1009428B5 /* Enumerations.swift */ = {isa = PBXFileReference; fileEncoding = 4; lastKnownFileType = sourcecode.swift; path = Enumerations.swift; sourceTree = "<group>"; };
		438B48C71DD757C40048EDB5 /* Operators.app */ = {isa = PBXFileReference; explicitFileType = wrapper.application; includeInIndex = 0; path = Operators.app; sourceTree = BUILT_PRODUCTS_DIR; };
		438B48CA1DD757C40048EDB5 /* AppDelegate.swift */ = {isa = PBXFileReference; lastKnownFileType = sourcecode.swift; path = AppDelegate.swift; sourceTree = "<group>"; };
		438B48CF1DD757C40048EDB5 /* Base */ = {isa = PBXFileReference; lastKnownFileType = file.storyboard; name = Base; path = Base.lproj/Main.storyboard; sourceTree = "<group>"; };
		438B48D11DD757C40048EDB5 /* Assets.xcassets */ = {isa = PBXFileReference; lastKnownFileType = folder.assetcatalog; path = Assets.xcassets; sourceTree = "<group>"; };
		438B48D41DD757C40048EDB5 /* Base */ = {isa = PBXFileReference; lastKnownFileType = file.storyboard; name = Base; path = Base.lproj/LaunchScreen.storyboard; sourceTree = "<group>"; };
		438B48D61DD757C40048EDB5 /* Info.plist */ = {isa = PBXFileReference; lastKnownFileType = text.plist.xml; path = Info.plist; sourceTree = "<group>"; };
		438B48DF1DD757C40048EDB5 /* OperatorsTests.swift */ = {isa = PBXFileReference; lastKnownFileType = sourcecode.swift; path = OperatorsTests.swift; sourceTree = "<group>"; };
		438B48E11DD757C40048EDB5 /* Info.plist */ = {isa = PBXFileReference; lastKnownFileType = text.plist.xml; path = Info.plist; sourceTree = "<group>"; };
		438B48EA1DD7588A0048EDB5 /* Constants.swift */ = {isa = PBXFileReference; fileEncoding = 4; lastKnownFileType = sourcecode.swift; path = Constants.swift; sourceTree = "<group>"; };
		438B48EC1DD75BC50048EDB5 /* PuzzleViewController.swift */ = {isa = PBXFileReference; fileEncoding = 4; lastKnownFileType = sourcecode.swift; path = PuzzleViewController.swift; sourceTree = "<group>"; };
		438B48EE1DD766A50048EDB5 /* PuzzleModel.swift */ = {isa = PBXFileReference; fileEncoding = 4; lastKnownFileType = sourcecode.swift; path = PuzzleModel.swift; sourceTree = "<group>"; };
		4399F2C61E57586400038306 /* SettingsViewController.swift */ = {isa = PBXFileReference; fileEncoding = 4; lastKnownFileType = sourcecode.swift; path = SettingsViewController.swift; sourceTree = "<group>"; };
		4399F2C81E588AA900038306 /* SettingsModel.swift */ = {isa = PBXFileReference; fileEncoding = 4; lastKnownFileType = sourcecode.swift; path = SettingsModel.swift; sourceTree = "<group>"; };
		4399F2CA1E5C9F1600038306 /* ColorScheme.swift */ = {isa = PBXFileReference; fileEncoding = 4; lastKnownFileType = sourcecode.swift; path = ColorScheme.swift; sourceTree = "<group>"; };
		4399F2CC1E5DE8C900038306 /* SettingsConfirmDeleteViewController.swift */ = {isa = PBXFileReference; fileEncoding = 4; lastKnownFileType = sourcecode.swift; path = SettingsConfirmDeleteViewController.swift; sourceTree = "<group>"; };
		43A8E1611E8F1C9F0047A14E /* PuzzleLabel.swift */ = {isa = PBXFileReference; fileEncoding = 4; lastKnownFileType = sourcecode.swift; path = PuzzleLabel.swift; sourceTree = "<group>"; };
		43A8E1631E90456E0047A14E /* OriginalPuzzleViewController.swift */ = {isa = PBXFileReference; fileEncoding = 4; lastKnownFileType = sourcecode.swift; path = OriginalPuzzleViewController.swift; sourceTree = "<group>"; };
		43A8E1651E9045B10047A14E /* ChallengePuzzleViewController.swift */ = {isa = PBXFileReference; fileEncoding = 4; lastKnownFileType = sourcecode.swift; path = ChallengePuzzleViewController.swift; sourceTree = "<group>"; };
		43A8E1671E9045EA0047A14E /* TimedPuzzleViewController.swift */ = {isa = PBXFileReference; fileEncoding = 4; lastKnownFileType = sourcecode.swift; path = TimedPuzzleViewController.swift; sourceTree = "<group>"; };
		43A8E16D1E9ED70B0047A14E /* TutorialPuzzleViewController.swift */ = {isa = PBXFileReference; fileEncoding = 4; lastKnownFileType = sourcecode.swift; path = TutorialPuzzleViewController.swift; sourceTree = "<group>"; };
		43A8E16F1E9EE17B0047A14E /* TutorialViewController.swift */ = {isa = PBXFileReference; fileEncoding = 4; lastKnownFileType = sourcecode.swift; path = TutorialViewController.swift; sourceTree = "<group>"; };
		43B8A7391DFE1EC100840590 /* ArchiveData.swift */ = {isa = PBXFileReference; fileEncoding = 4; lastKnownFileType = sourcecode.swift; path = ArchiveData.swift; sourceTree = "<group>"; };
		43F6C9B21E463C360082EF8F /* TimedCompletedViewController.swift */ = {isa = PBXFileReference; fileEncoding = 4; lastKnownFileType = sourcecode.swift; path = TimedCompletedViewController.swift; sourceTree = "<group>"; };
/* End PBXFileReference section */

/* Begin PBXFrameworksBuildPhase section */
		438B48C41DD757C40048EDB5 /* Frameworks */ = {
			isa = PBXFrameworksBuildPhase;
			buildActionMask = 2147483647;
			files = (
			);
			runOnlyForDeploymentPostprocessing = 0;
		};
/* End PBXFrameworksBuildPhase section */

/* Begin PBXGroup section */
		431F70E41DF357D1002B0455 /* Supporting */ = {
			isa = PBXGroup;
			children = (
				43B8A76D1DFE385B00840590 /* App Icons */,
				438B48CA1DD757C40048EDB5 /* AppDelegate.swift */,
				438B48D11DD757C40048EDB5 /* Assets.xcassets */,
				438B48D31DD757C40048EDB5 /* LaunchScreen.storyboard */,
				438B48D61DD757C40048EDB5 /* Info.plist */,
			);
			name = Supporting;
			sourceTree = "<group>";
		};
		431F70E51DF357DE002B0455 /* Constants */ = {
			isa = PBXGroup;
			children = (
				431F70E21DF3558A002B0455 /* Equation.swift */,
				4377F0B61E5F19A1009428B5 /* Enumerations.swift */,
				438B48EA1DD7588A0048EDB5 /* Constants.swift */,
				4399F2CA1E5C9F1600038306 /* ColorScheme.swift */,
			);
			name = Constants;
			sourceTree = "<group>";
		};
		431F70E61DF35800002B0455 /* Model */ = {
			isa = PBXGroup;
			children = (
				43430DD71DFC9F5B00841DF4 /* TimedModel.swift */,
				431F70DE1DF3467A002B0455 /* ChallengeModel.swift */,
				43B8A7391DFE1EC100840590 /* ArchiveData.swift */,
				438B48EE1DD766A50048EDB5 /* PuzzleModel.swift */,
				431F70EC1DFB87E8002B0455 /* OriginalModel.swift */,
				4373CBD71E6DC7D9009C5513 /* HintsModel.swift */,
				4399F2C81E588AA900038306 /* SettingsModel.swift */,
				432603471EB0F15A00E926A4 /* TutorialModel.swift */,
				4304EFC11FF8537D007C00AB /* tutorialPuzzles.plist */,
				431F70EA1DFA1617002B0455 /* challengePuzzles.plist */,
			);
			name = Model;
			sourceTree = "<group>";
		};
		431F70E71DF35807002B0455 /* View Controller */ = {
			isa = PBXGroup;
			children = (
				43A8E16C1E90488B0047A14E /* Options */,
				43A8E1691E9048130047A14E /* Completion */,
				43A8E16A1E90483E0047A14E /* Settings */,
				43A8E16B1E9048550047A14E /* Custom Puzzles */,
				435DC2F51E3C0A5D0047FD47 /* GameModeViewController.swift */,
				435DC2F71E3C0A810047FD47 /* GameTypeViewController.swift */,
				432DEC1F1E51E4B200002C80 /* HintsViewController.swift */,
				438B48EC1DD75BC50048EDB5 /* PuzzleViewController.swift */,
				43A8E1611E8F1C9F0047A14E /* PuzzleLabel.swift */,
			);
			name = "View Controller";
			sourceTree = "<group>";
		};
		438B48BE1DD757C40048EDB5 = {
			isa = PBXGroup;
			children = (
				438B48C91DD757C40048EDB5 /* Operators */,
				438B48DE1DD757C40048EDB5 /* OperatorsTests */,
				438B48C81DD757C40048EDB5 /* Products */,
			);
			sourceTree = "<group>";
		};
		438B48C81DD757C40048EDB5 /* Products */ = {
			isa = PBXGroup;
			children = (
				438B48C71DD757C40048EDB5 /* Operators.app */,
			);
			name = Products;
			sourceTree = "<group>";
		};
		438B48C91DD757C40048EDB5 /* Operators */ = {
			isa = PBXGroup;
			children = (
				438B48CE1DD757C40048EDB5 /* Main.storyboard */,
				431F70E71DF35807002B0455 /* View Controller */,
				431F70E61DF35800002B0455 /* Model */,
				431F70E41DF357D1002B0455 /* Supporting */,
				431F70E51DF357DE002B0455 /* Constants */,
			);
			path = Operators;
			sourceTree = "<group>";
		};
		438B48DE1DD757C40048EDB5 /* OperatorsTests */ = {
			isa = PBXGroup;
			children = (
				438B48DF1DD757C40048EDB5 /* OperatorsTests.swift */,
				438B48E11DD757C40048EDB5 /* Info.plist */,
			);
			path = OperatorsTests;
			sourceTree = "<group>";
		};
		43A8E1691E9048130047A14E /* Completion */ = {
			isa = PBXGroup;
			children = (
				435DC2F91E3CE57B0047FD47 /* ChallengePuzzleCompletedViewController.swift */,
				43F6C9B21E463C360082EF8F /* TimedCompletedViewController.swift */,
				434FB3F6214EA0B000EE7C14 /* TutorialStepViewController.swift */,
			);
			name = Completion;
			sourceTree = "<group>";
		};
		43A8E16A1E90483E0047A14E /* Settings */ = {
			isa = PBXGroup;
			children = (
				4399F2C61E57586400038306 /* SettingsViewController.swift */,
				4399F2CC1E5DE8C900038306 /* SettingsConfirmDeleteViewController.swift */,
			);
			name = Settings;
			sourceTree = "<group>";
		};
		43A8E16B1E9048550047A14E /* Custom Puzzles */ = {
			isa = PBXGroup;
			children = (
				43A8E1631E90456E0047A14E /* OriginalPuzzleViewController.swift */,
				43A8E1671E9045EA0047A14E /* TimedPuzzleViewController.swift */,
				43A8E1651E9045B10047A14E /* ChallengePuzzleViewController.swift */,
				43A8E16D1E9ED70B0047A14E /* TutorialPuzzleViewController.swift */,
			);
			name = "Custom Puzzles";
			sourceTree = "<group>";
		};
		43A8E16C1E90488B0047A14E /* Options */ = {
			isa = PBXGroup;
			children = (
				43A8E16F1E9EE17B0047A14E /* TutorialViewController.swift */,
				43430DD51DFC9BBD00841DF4 /* TimedViewController.swift */,
				431F70E01DF34871002B0455 /* ChallengeViewController.swift */,
				431F70D61DF273C2002B0455 /* OriginalViewController.swift */,
			);
			name = Options;
			sourceTree = "<group>";
		};
		43B8A76D1DFE385B00840590 /* App Icons */ = {
			isa = PBXGroup;
			children = (
				434D2A541E5F1786006C3E8E /* Operators_App_Icon_40.png */,
				434D2A531E5F1786006C3E8E /* Operators_App_Icon_58.png */,
				434D2A521E5F1786006C3E8E /* Operators_App_Icon_60.png */,
				434D2A551E5F1786006C3E8E /* Operators_App_Icon_80.png */,
				434D2A561E5F1786006C3E8E /* Operators_App_Icon_87.png */,
				434D2A581E5F1786006C3E8E /* Operators_App_Icon_120.png */,
				434D2A621E5F1814006C3E8E /* Operators_App_Icon_120_2.png */,
				434D2A591E5F1786006C3E8E /* Operators_App_Icon_180.png */,
				4304EFBF1FF748BD007C00AB /* Operators_App_Icon_1024.png */,
			);
			name = "App Icons";
			sourceTree = "<group>";
		};
/* End PBXGroup section */

/* Begin PBXNativeTarget section */
		438B48C61DD757C40048EDB5 /* Operators */ = {
			isa = PBXNativeTarget;
			buildConfigurationList = 438B48E41DD757C40048EDB5 /* Build configuration list for PBXNativeTarget "Operators" */;
			buildPhases = (
				438B48C31DD757C40048EDB5 /* Sources */,
				438B48C41DD757C40048EDB5 /* Frameworks */,
				438B48C51DD757C40048EDB5 /* Resources */,
			);
			buildRules = (
			);
			dependencies = (
			);
			name = Operators;
			productName = Operators;
			productReference = 438B48C71DD757C40048EDB5 /* Operators.app */;
			productType = "com.apple.product-type.application";
		};
/* End PBXNativeTarget section */

/* Begin PBXProject section */
		438B48BF1DD757C40048EDB5 /* Project object */ = {
			isa = PBXProject;
			attributes = {
				LastSwiftUpdateCheck = 0810;
				LastUpgradeCheck = 1020;
				ORGANIZATIONNAME = "Shane Byers";
				TargetAttributes = {
					438B48C61DD757C40048EDB5 = {
						CreatedOnToolsVersion = 8.1;
						DevelopmentTeam = 7QHJV2RJB2;
						LastSwiftMigration = 1020;
						ProvisioningStyle = Automatic;
					};
				};
			};
			buildConfigurationList = 438B48C21DD757C40048EDB5 /* Build configuration list for PBXProject "Operators" */;
			compatibilityVersion = "Xcode 3.2";
			developmentRegion = en;
			hasScannedForEncodings = 0;
			knownRegions = (
				en,
				Base,
			);
			mainGroup = 438B48BE1DD757C40048EDB5;
			productRefGroup = 438B48C81DD757C40048EDB5 /* Products */;
			projectDirPath = "";
			projectRoot = "";
			targets = (
				438B48C61DD757C40048EDB5 /* Operators */,
			);
		};
/* End PBXProject section */

/* Begin PBXResourcesBuildPhase section */
		438B48C51DD757C40048EDB5 /* Resources */ = {
			isa = PBXResourcesBuildPhase;
			buildActionMask = 2147483647;
			files = (
				4304EFC01FF748BD007C00AB /* Operators_App_Icon_1024.png in Resources */,
				434D2A611E5F1786006C3E8E /* Operators_App_Icon_180.png in Resources */,
				431F70EB1DFA1617002B0455 /* challengePuzzles.plist in Resources */,
				434D2A5B1E5F1786006C3E8E /* Operators_App_Icon_58.png in Resources */,
				434D2A5D1E5F1786006C3E8E /* Operators_App_Icon_80.png in Resources */,
				434D2A601E5F1786006C3E8E /* Operators_App_Icon_120.png in Resources */,
				434D2A631E5F1814006C3E8E /* Operators_App_Icon_120_2.png in Resources */,
				438B48D51DD757C40048EDB5 /* LaunchScreen.storyboard in Resources */,
				4304EFC21FF8537D007C00AB /* tutorialPuzzles.plist in Resources */,
				438B48D21DD757C40048EDB5 /* Assets.xcassets in Resources */,
				434D2A5A1E5F1786006C3E8E /* Operators_App_Icon_60.png in Resources */,
				434D2A5C1E5F1786006C3E8E /* Operators_App_Icon_40.png in Resources */,
				434D2A5E1E5F1786006C3E8E /* Operators_App_Icon_87.png in Resources */,
				438B48D01DD757C40048EDB5 /* Main.storyboard in Resources */,
			);
			runOnlyForDeploymentPostprocessing = 0;
		};
/* End PBXResourcesBuildPhase section */

/* Begin PBXSourcesBuildPhase section */
		438B48C31DD757C40048EDB5 /* Sources */ = {
			isa = PBXSourcesBuildPhase;
			buildActionMask = 2147483647;
			files = (
				43A8E1661E9045B10047A14E /* ChallengePuzzleViewController.swift in Sources */,
				435DC2FA1E3CE57B0047FD47 /* ChallengePuzzleCompletedViewController.swift in Sources */,
				43430DD81DFC9F5B00841DF4 /* TimedModel.swift in Sources */,
				43F6C9B31E463C360082EF8F /* TimedCompletedViewController.swift in Sources */,
				43B8A73A1DFE1EC100840590 /* ArchiveData.swift in Sources */,
				4399F2C71E57586400038306 /* SettingsViewController.swift in Sources */,
				431F70ED1DFB87E8002B0455 /* OriginalModel.swift in Sources */,
				43A8E1681E9045EA0047A14E /* TimedPuzzleViewController.swift in Sources */,
				43A8E1621E8F1C9F0047A14E /* PuzzleLabel.swift in Sources */,
				435DC2F81E3C0A810047FD47 /* GameTypeViewController.swift in Sources */,
				431F70E11DF34871002B0455 /* ChallengeViewController.swift in Sources */,
				43A8E1641E90456E0047A14E /* OriginalPuzzleViewController.swift in Sources */,
				438B48CB1DD757C40048EDB5 /* AppDelegate.swift in Sources */,
				434FB3F7214EA0B000EE7C14 /* TutorialStepViewController.swift in Sources */,
				4399F2CB1E5C9F1600038306 /* ColorScheme.swift in Sources */,
				431F70D71DF273C2002B0455 /* OriginalViewController.swift in Sources */,
				431F70DF1DF3467A002B0455 /* ChallengeModel.swift in Sources */,
				43A8E1701E9EE17B0047A14E /* TutorialViewController.swift in Sources */,
				432DEC201E51E4B200002C80 /* HintsViewController.swift in Sources */,
				43430DD61DFC9BBD00841DF4 /* TimedViewController.swift in Sources */,
				43A8E16E1E9ED70B0047A14E /* TutorialPuzzleViewController.swift in Sources */,
				438B48ED1DD75BC50048EDB5 /* PuzzleViewController.swift in Sources */,
				431F70E31DF3558A002B0455 /* Equation.swift in Sources */,
				4399F2C91E588AA900038306 /* SettingsModel.swift in Sources */,
				432603481EB0F15A00E926A4 /* TutorialModel.swift in Sources */,
				438B48EB1DD7588A0048EDB5 /* Constants.swift in Sources */,
				438B48EF1DD766A50048EDB5 /* PuzzleModel.swift in Sources */,
				435DC2F61E3C0A5D0047FD47 /* GameModeViewController.swift in Sources */,
				4373CBD81E6DC7D9009C5513 /* HintsModel.swift in Sources */,
				4399F2CD1E5DE8C900038306 /* SettingsConfirmDeleteViewController.swift in Sources */,
				4377F0B71E5F19A1009428B5 /* Enumerations.swift in Sources */,
			);
			runOnlyForDeploymentPostprocessing = 0;
		};
/* End PBXSourcesBuildPhase section */

/* Begin PBXVariantGroup section */
		438B48CE1DD757C40048EDB5 /* Main.storyboard */ = {
			isa = PBXVariantGroup;
			children = (
				438B48CF1DD757C40048EDB5 /* Base */,
			);
			name = Main.storyboard;
			sourceTree = "<group>";
		};
		438B48D31DD757C40048EDB5 /* LaunchScreen.storyboard */ = {
			isa = PBXVariantGroup;
			children = (
				438B48D41DD757C40048EDB5 /* Base */,
			);
			name = LaunchScreen.storyboard;
			sourceTree = "<group>";
		};
/* End PBXVariantGroup section */

/* Begin XCBuildConfiguration section */
		438B48E21DD757C40048EDB5 /* Debug */ = {
			isa = XCBuildConfiguration;
			buildSettings = {
				ALWAYS_SEARCH_USER_PATHS = NO;
				CLANG_ANALYZER_LOCALIZABILITY_NONLOCALIZED = YES;
				CLANG_ANALYZER_NONNULL = YES;
				CLANG_CXX_LANGUAGE_STANDARD = "gnu++0x";
				CLANG_CXX_LIBRARY = "libc++";
				CLANG_ENABLE_MODULES = YES;
				CLANG_ENABLE_OBJC_ARC = YES;
				CLANG_WARN_BLOCK_CAPTURE_AUTORELEASING = YES;
				CLANG_WARN_BOOL_CONVERSION = YES;
				CLANG_WARN_COMMA = YES;
				CLANG_WARN_CONSTANT_CONVERSION = YES;
				CLANG_WARN_DEPRECATED_OBJC_IMPLEMENTATIONS = YES;
				CLANG_WARN_DIRECT_OBJC_ISA_USAGE = YES_ERROR;
				CLANG_WARN_DOCUMENTATION_COMMENTS = YES;
				CLANG_WARN_EMPTY_BODY = YES;
				CLANG_WARN_ENUM_CONVERSION = YES;
				CLANG_WARN_INFINITE_RECURSION = YES;
				CLANG_WARN_INT_CONVERSION = YES;
				CLANG_WARN_NON_LITERAL_NULL_CONVERSION = YES;
				CLANG_WARN_OBJC_IMPLICIT_RETAIN_SELF = YES;
				CLANG_WARN_OBJC_LITERAL_CONVERSION = YES;
				CLANG_WARN_OBJC_ROOT_CLASS = YES_ERROR;
				CLANG_WARN_RANGE_LOOP_ANALYSIS = YES;
				CLANG_WARN_STRICT_PROTOTYPES = YES;
				CLANG_WARN_SUSPICIOUS_MOVE = YES;
				CLANG_WARN_SUSPICIOUS_MOVES = YES;
				CLANG_WARN_UNREACHABLE_CODE = YES;
				CLANG_WARN__DUPLICATE_METHOD_MATCH = YES;
				"CODE_SIGN_IDENTITY[sdk=iphoneos*]" = "iPhone Developer";
				COPY_PHASE_STRIP = NO;
				DEBUG_INFORMATION_FORMAT = dwarf;
				ENABLE_STRICT_OBJC_MSGSEND = YES;
				ENABLE_TESTABILITY = YES;
				GCC_C_LANGUAGE_STANDARD = gnu99;
				GCC_DYNAMIC_NO_PIC = NO;
				GCC_NO_COMMON_BLOCKS = YES;
				GCC_OPTIMIZATION_LEVEL = 0;
				GCC_PREPROCESSOR_DEFINITIONS = (
					"DEBUG=1",
					"$(inherited)",
				);
				GCC_WARN_64_TO_32_BIT_CONVERSION = YES;
				GCC_WARN_ABOUT_RETURN_TYPE = YES_ERROR;
				GCC_WARN_UNDECLARED_SELECTOR = YES;
				GCC_WARN_UNINITIALIZED_AUTOS = YES_AGGRESSIVE;
				GCC_WARN_UNUSED_FUNCTION = YES;
				GCC_WARN_UNUSED_VARIABLE = YES;
				IPHONEOS_DEPLOYMENT_TARGET = 12.0;
				MTL_ENABLE_DEBUG_INFO = YES;
				ONLY_ACTIVE_ARCH = YES;
				SDKROOT = iphoneos;
				SWIFT_ACTIVE_COMPILATION_CONDITIONS = DEBUG;
				SWIFT_OPTIMIZATION_LEVEL = "-Onone";
				TARGETED_DEVICE_FAMILY = 1;
			};
			name = Debug;
		};
		438B48E31DD757C40048EDB5 /* Release */ = {
			isa = XCBuildConfiguration;
			buildSettings = {
				ALWAYS_SEARCH_USER_PATHS = NO;
				CLANG_ANALYZER_LOCALIZABILITY_NONLOCALIZED = YES;
				CLANG_ANALYZER_NONNULL = YES;
				CLANG_CXX_LANGUAGE_STANDARD = "gnu++0x";
				CLANG_CXX_LIBRARY = "libc++";
				CLANG_ENABLE_MODULES = YES;
				CLANG_ENABLE_OBJC_ARC = YES;
				CLANG_WARN_BLOCK_CAPTURE_AUTORELEASING = YES;
				CLANG_WARN_BOOL_CONVERSION = YES;
				CLANG_WARN_COMMA = YES;
				CLANG_WARN_CONSTANT_CONVERSION = YES;
				CLANG_WARN_DEPRECATED_OBJC_IMPLEMENTATIONS = YES;
				CLANG_WARN_DIRECT_OBJC_ISA_USAGE = YES_ERROR;
				CLANG_WARN_DOCUMENTATION_COMMENTS = YES;
				CLANG_WARN_EMPTY_BODY = YES;
				CLANG_WARN_ENUM_CONVERSION = YES;
				CLANG_WARN_INFINITE_RECURSION = YES;
				CLANG_WARN_INT_CONVERSION = YES;
				CLANG_WARN_NON_LITERAL_NULL_CONVERSION = YES;
				CLANG_WARN_OBJC_IMPLICIT_RETAIN_SELF = YES;
				CLANG_WARN_OBJC_LITERAL_CONVERSION = YES;
				CLANG_WARN_OBJC_ROOT_CLASS = YES_ERROR;
				CLANG_WARN_RANGE_LOOP_ANALYSIS = YES;
				CLANG_WARN_STRICT_PROTOTYPES = YES;
				CLANG_WARN_SUSPICIOUS_MOVE = YES;
				CLANG_WARN_SUSPICIOUS_MOVES = YES;
				CLANG_WARN_UNREACHABLE_CODE = YES;
				CLANG_WARN__DUPLICATE_METHOD_MATCH = YES;
				"CODE_SIGN_IDENTITY[sdk=iphoneos*]" = "iPhone Developer";
				COPY_PHASE_STRIP = NO;
				DEBUG_INFORMATION_FORMAT = "dwarf-with-dsym";
				ENABLE_NS_ASSERTIONS = NO;
				ENABLE_STRICT_OBJC_MSGSEND = YES;
				GCC_C_LANGUAGE_STANDARD = gnu99;
				GCC_NO_COMMON_BLOCKS = YES;
				GCC_WARN_64_TO_32_BIT_CONVERSION = YES;
				GCC_WARN_ABOUT_RETURN_TYPE = YES_ERROR;
				GCC_WARN_UNDECLARED_SELECTOR = YES;
				GCC_WARN_UNINITIALIZED_AUTOS = YES_AGGRESSIVE;
				GCC_WARN_UNUSED_FUNCTION = YES;
				GCC_WARN_UNUSED_VARIABLE = YES;
				IPHONEOS_DEPLOYMENT_TARGET = 12.0;
				MTL_ENABLE_DEBUG_INFO = NO;
				SDKROOT = iphoneos;
				SWIFT_OPTIMIZATION_LEVEL = "-Owholemodule";
				TARGETED_DEVICE_FAMILY = 1;
				VALIDATE_PRODUCT = YES;
			};
			name = Release;
		};
		438B48E51DD757C40048EDB5 /* Debug */ = {
			isa = XCBuildConfiguration;
			buildSettings = {
				ASSETCATALOG_COMPILER_APPICON_NAME = AppIcon;
				DEVELOPMENT_TEAM = 7QHJV2RJB2;
				INFOPLIST_FILE = Operators/Info.plist;
				LD_RUNPATH_SEARCH_PATHS = "$(inherited) @executable_path/Frameworks";
				PRODUCT_BUNDLE_IDENTIFIER = Byers.Shane.Operators;
				PRODUCT_NAME = "$(TARGET_NAME)";
				SWIFT_VERSION = 5.0;
				TARGETED_DEVICE_FAMILY = 1;
			};
			name = Debug;
		};
		438B48E61DD757C40048EDB5 /* Release */ = {
			isa = XCBuildConfiguration;
			buildSettings = {
				ASSETCATALOG_COMPILER_APPICON_NAME = AppIcon;
				DEVELOPMENT_TEAM = 7QHJV2RJB2;
				INFOPLIST_FILE = Operators/Info.plist;
				LD_RUNPATH_SEARCH_PATHS = "$(inherited) @executable_path/Frameworks";
				PRODUCT_BUNDLE_IDENTIFIER = Byers.Shane.Operators;
				PRODUCT_NAME = "$(TARGET_NAME)";
				SWIFT_VERSION = 5.0;
				TARGETED_DEVICE_FAMILY = 1;
			};
			name = Release;
		};
/* End XCBuildConfiguration section */

/* Begin XCConfigurationList section */
		438B48C21DD757C40048EDB5 /* Build configuration list for PBXProject "Operators" */ = {
			isa = XCConfigurationList;
			buildConfigurations = (
				438B48E21DD757C40048EDB5 /* Debug */,
				438B48E31DD757C40048EDB5 /* Release */,
			);
			defaultConfigurationIsVisible = 0;
			defaultConfigurationName = Release;
		};
		438B48E41DD757C40048EDB5 /* Build configuration list for PBXNativeTarget "Operators" */ = {
			isa = XCConfigurationList;
			buildConfigurations = (
				438B48E51DD757C40048EDB5 /* Debug */,
				438B48E61DD757C40048EDB5 /* Release */,
			);
			defaultConfigurationIsVisible = 0;
			defaultConfigurationName = Release;
		};
/* End XCConfigurationList section */
	};
	rootObject = 438B48BF1DD757C40048EDB5 /* Project object */;
}
